
Microsoft Visual Studio Solution File, Format Version 11.00
# Visual Studio 2010
Project("{FAE04EC0-301F-11D3-BF4B-00C04F79EFBC}") = "PongMobileXNA", "PongMobileXNA\PongMobileXNA\PongMobileXNA.csproj", "{9F14018D-9D00-47A8-9138-8EAB242D590D}"
EndProject
Project("{FAE04EC0-301F-11D3-BF4B-00C04F79EFBC}") = "PongMobileXNAContent", "PongMobileXNA\PongMobileXNAContent\PongMobileXNAContent.contentproj", "{FFC9164A-EEB9-48D0-AAEE-09F11E4971D9}"
EndProject
Global
	GlobalSection(SolutionConfigurationPlatforms) = preSolution
		Debug|Windows Phone = Debug|Windows Phone
		Release|Windows Phone = Release|Windows Phone
	EndGlobalSection
	GlobalSection(ProjectConfigurationPlatforms) = postSolution
		{9F14018D-9D00-47A8-9138-8EAB242D590D}.Debug|Windows Phone.ActiveCfg = Debug|Windows Phone
		{9F14018D-9D00-47A8-9138-8EAB242D590D}.Debug|Windows Phone.Build.0 = Debug|Windows Phone
		{9F14018D-9D00-47A8-9138-8EAB242D590D}.Debug|Windows Phone.Deploy.0 = Debug|Windows Phone
		{9F14018D-9D00-47A8-9138-8EAB242D590D}.Release|Windows Phone.ActiveCfg = Release|Windows Phone
		{9F14018D-9D00-47A8-9138-8EAB242D590D}.Release|Windows Phone.Build.0 = Release|Windows Phone
		{9F14018D-9D00-47A8-9138-8EAB242D590D}.Release|Windows Phone.Deploy.0 = Release|Windows Phone
		{FFC9164A-EEB9-48D0-AAEE-09F11E4971D9}.Debug|Windows Phone.ActiveCfg = Debug|Windows Phone
		{FFC9164A-EEB9-48D0-AAEE-09F11E4971D9}.Release|Windows Phone.ActiveCfg = Release|Windows Phone
	EndGlobalSection
	GlobalSection(SolutionProperties) = preSolution
		HideSolutionNode = FALSE
	EndGlobalSection
EndGlobal
